// !$*UTF8*$!
{
	archiveVersion = 1;
	classes = {
	};
	objectVersion = 46;
	objects = {

/* Begin PBXBuildFile section */
		5A68B9F7165CCDE600F41614 /* UserScore.m in Sources */ = {isa = PBXBuildFile; fileRef = 5A68B9F6165CCDE600F41614 /* UserScore.m */; };
		5A6D891E166755EB0047DB08 /* JDFlipNumberView.m in Sources */ = {isa = PBXBuildFile; fileRef = 5A6D891B166755EB0047DB08 /* JDFlipNumberView.m */; };
		5A6D891F166755EB0047DB08 /* JDGroupedFlipNumberView.m in Sources */ = {isa = PBXBuildFile; fileRef = 5A6D891D166755EB0047DB08 /* JDGroupedFlipNumberView.m */; };
		5A8A41BC1664B4FE00FC0AE0 /* 0.png in Resources */ = {isa = PBXBuildFile; fileRef = 5A8A41A81664B4FE00FC0AE0 /* 0.png */; };
		5A8A41BD1664B4FE00FC0AE0 /* 0@2x.png in Resources */ = {isa = PBXBuildFile; fileRef = 5A8A41A91664B4FE00FC0AE0 /* 0@2x.png */; };
		5A8A41BE1664B4FE00FC0AE0 /* 1.png in Resources */ = {isa = PBXBuildFile; fileRef = 5A8A41AA1664B4FE00FC0AE0 /* 1.png */; };
		5A8A41BF1664B4FE00FC0AE0 /* 1@2x.png in Resources */ = {isa = PBXBuildFile; fileRef = 5A8A41AB1664B4FE00FC0AE0 /* 1@2x.png */; };
		5A8A41C01664B4FE00FC0AE0 /* 2.png in Resources */ = {isa = PBXBuildFile; fileRef = 5A8A41AC1664B4FE00FC0AE0 /* 2.png */; };
		5A8A41C11664B4FE00FC0AE0 /* 2@2x.png in Resources */ = {isa = PBXBuildFile; fileRef = 5A8A41AD1664B4FE00FC0AE0 /* 2@2x.png */; };
		5A8A41C21664B4FE00FC0AE0 /* 3.png in Resources */ = {isa = PBXBuildFile; fileRef = 5A8A41AE1664B4FE00FC0AE0 /* 3.png */; };
		5A8A41C31664B4FE00FC0AE0 /* 3@2x.png in Resources */ = {isa = PBXBuildFile; fileRef = 5A8A41AF1664B4FE00FC0AE0 /* 3@2x.png */; };
		5A8A41C41664B4FE00FC0AE0 /* 4.png in Resources */ = {isa = PBXBuildFile; fileRef = 5A8A41B01664B4FE00FC0AE0 /* 4.png */; };
		5A8A41C51664B4FE00FC0AE0 /* 4@2x.png in Resources */ = {isa = PBXBuildFile; fileRef = 5A8A41B11664B4FE00FC0AE0 /* 4@2x.png */; };
		5A8A41C61664B4FE00FC0AE0 /* 5.png in Resources */ = {isa = PBXBuildFile; fileRef = 5A8A41B21664B4FE00FC0AE0 /* 5.png */; };
		5A8A41C71664B4FE00FC0AE0 /* 5@2x.png in Resources */ = {isa = PBXBuildFile; fileRef = 5A8A41B31664B4FE00FC0AE0 /* 5@2x.png */; };
		5A8A41C81664B4FE00FC0AE0 /* 6.png in Resources */ = {isa = PBXBuildFile; fileRef = 5A8A41B41664B4FE00FC0AE0 /* 6.png */; };
		5A8A41C91664B4FE00FC0AE0 /* 6@2x.png in Resources */ = {isa = PBXBuildFile; fileRef = 5A8A41B51664B4FE00FC0AE0 /* 6@2x.png */; };
		5A8A41CA1664B4FE00FC0AE0 /* 7.png in Resources */ = {isa = PBXBuildFile; fileRef = 5A8A41B61664B4FE00FC0AE0 /* 7.png */; };
		5A8A41CB1664B4FE00FC0AE0 /* 7@2x.png in Resources */ = {isa = PBXBuildFile; fileRef = 5A8A41B71664B4FE00FC0AE0 /* 7@2x.png */; };
		5A8A41CC1664B4FE00FC0AE0 /* 8.png in Resources */ = {isa = PBXBuildFile; fileRef = 5A8A41B81664B4FE00FC0AE0 /* 8.png */; };
		5A8A41CD1664B4FE00FC0AE0 /* 8@2x.png in Resources */ = {isa = PBXBuildFile; fileRef = 5A8A41B91664B4FE00FC0AE0 /* 8@2x.png */; };
		5A8A41CE1664B4FE00FC0AE0 /* 9.png in Resources */ = {isa = PBXBuildFile; fileRef = 5A8A41BA1664B4FE00FC0AE0 /* 9.png */; };
		5A8A41CF1664B4FE00FC0AE0 /* 9@2x.png in Resources */ = {isa = PBXBuildFile; fileRef = 5A8A41BB1664B4FE00FC0AE0 /* 9@2x.png */; };
		5AC0F801166C7A47000A46B7 /* icon.png in Resources */ = {isa = PBXBuildFile; fileRef = 5AC0F7FF166C7A47000A46B7 /* icon.png */; };
		5AC0F802166C7A47000A46B7 /* icon@2x.png in Resources */ = {isa = PBXBuildFile; fileRef = 5AC0F800166C7A47000A46B7 /* icon@2x.png */; };
		5AC0F804166C7A8C000A46B7 /* Default.png in Resources */ = {isa = PBXBuildFile; fileRef = 5AC0F803166C7A8C000A46B7 /* Default.png */; };
		5AC0F80E166C7D62000A46B7 /* 000@2x.jpg in Resources */ = {isa = PBXBuildFile; fileRef = 5AC0F805166C7D61000A46B7 /* 000@2x.jpg */; };
		5AC0F80F166C7D62000A46B7 /* 001@2x.jpg in Resources */ = {isa = PBXBuildFile; fileRef = 5AC0F806166C7D61000A46B7 /* 001@2x.jpg */; };
		5AC0F810166C7D62000A46B7 /* 003@2x.jpg in Resources */ = {isa = PBXBuildFile; fileRef = 5AC0F807166C7D61000A46B7 /* 003@2x.jpg */; };
		5AC0F811166C7D62000A46B7 /* 004@2x.jpg in Resources */ = {isa = PBXBuildFile; fileRef = 5AC0F808166C7D61000A46B7 /* 004@2x.jpg */; };
		5AC0F812166C7D62000A46B7 /* 005@2x.jpg in Resources */ = {isa = PBXBuildFile; fileRef = 5AC0F809166C7D61000A46B7 /* 005@2x.jpg */; };
		5AC0F813166C7D62000A46B7 /* 006@2x.jpg in Resources */ = {isa = PBXBuildFile; fileRef = 5AC0F80A166C7D61000A46B7 /* 006@2x.jpg */; };
		5AC0F814166C7D62000A46B7 /* 007@2x.jpg in Resources */ = {isa = PBXBuildFile; fileRef = 5AC0F80B166C7D61000A46B7 /* 007@2x.jpg */; };
		5AC0F815166C7D62000A46B7 /* 008@2x.jpg in Resources */ = {isa = PBXBuildFile; fileRef = 5AC0F80C166C7D62000A46B7 /* 008@2x.jpg */; };
		5AC0F816166C7D62000A46B7 /* main@2x.png in Resources */ = {isa = PBXBuildFile; fileRef = 5AC0F80D166C7D62000A46B7 /* main@2x.png */; };
		5AC0F818166C7DA5000A46B7 /* 002@2x.jpg in Resources */ = {isa = PBXBuildFile; fileRef = 5AC0F817166C7DA5000A46B7 /* 002@2x.jpg */; };
		5AE764E3165C9DAD0002972E /* Default-568h@2x.png in Resources */ = {isa = PBXBuildFile; fileRef = 5AE764E2165C9DAD0002972E /* Default-568h@2x.png */; };
		5AEFE2F1165B24DF001DF6E1 /* 000.jpg in Resources */ = {isa = PBXBuildFile; fileRef = 5AEFE2E8165B24DF001DF6E1 /* 000.jpg */; };
		5AEFE2F2165B24DF001DF6E1 /* 001.jpg in Resources */ = {isa = PBXBuildFile; fileRef = 5AEFE2E9165B24DF001DF6E1 /* 001.jpg */; };
		5AEFE2F3165B24DF001DF6E1 /* 002.jpg in Resources */ = {isa = PBXBuildFile; fileRef = 5AEFE2EA165B24DF001DF6E1 /* 002.jpg */; };
		5AEFE2F4165B24DF001DF6E1 /* 003.jpg in Resources */ = {isa = PBXBuildFile; fileRef = 5AEFE2EB165B24DF001DF6E1 /* 003.jpg */; };
		5AEFE2F5165B24DF001DF6E1 /* 004.jpg in Resources */ = {isa = PBXBuildFile; fileRef = 5AEFE2EC165B24DF001DF6E1 /* 004.jpg */; };
		5AEFE2F6165B24DF001DF6E1 /* 005.jpg in Resources */ = {isa = PBXBuildFile; fileRef = 5AEFE2ED165B24DF001DF6E1 /* 005.jpg */; };
		5AEFE2F7165B24DF001DF6E1 /* 006.jpg in Resources */ = {isa = PBXBuildFile; fileRef = 5AEFE2EE165B24DF001DF6E1 /* 006.jpg */; };
		5AEFE2F8165B24DF001DF6E1 /* 007.jpg in Resources */ = {isa = PBXBuildFile; fileRef = 5AEFE2EF165B24DF001DF6E1 /* 007.jpg */; };
		5AEFE2F9165B24DF001DF6E1 /* 008.jpg in Resources */ = {isa = PBXBuildFile; fileRef = 5AEFE2F0165B24DF001DF6E1 /* 008.jpg */; };
		5AEFE2FB165B2BDF001DF6E1 /* main.png in Resources */ = {isa = PBXBuildFile; fileRef = 5AEFE2FA165B2BDF001DF6E1 /* main.png */; };
		D286AD5C151F966E00110CE1 /* UIKit.framework in Frameworks */ = {isa = PBXBuildFile; fileRef = D286AD5B151F966E00110CE1 /* UIKit.framework */; };
		D286AD5E151F966E00110CE1 /* Foundation.framework in Frameworks */ = {isa = PBXBuildFile; fileRef = D286AD5D151F966E00110CE1 /* Foundation.framework */; };
		D286AD60151F966E00110CE1 /* CoreGraphics.framework in Frameworks */ = {isa = PBXBuildFile; fileRef = D286AD5F151F966E00110CE1 /* CoreGraphics.framework */; };
		D286AD76151F9A4000110CE1 /* QuartzCore.framework in Frameworks */ = {isa = PBXBuildFile; fileRef = D286AD75151F9A4000110CE1 /* QuartzCore.framework */; };
		D286AD88151F9B5D00110CE1 /* AppDelegate.m in Sources */ = {isa = PBXBuildFile; fileRef = D286AD7D151F9B5D00110CE1 /* AppDelegate.m */; };
		D286AD89151F9B5D00110CE1 /* TestViewController.m in Sources */ = {isa = PBXBuildFile; fileRef = D286AD7F151F9B5D00110CE1 /* TestViewController.m */; };
		D286AD8A151F9B5D00110CE1 /* JDDroppableView.m in Sources */ = {isa = PBXBuildFile; fileRef = D286AD83151F9B5D00110CE1 /* JDDroppableView.m */; };
		D286AD8C151F9B5D00110CE1 /* main.m in Sources */ = {isa = PBXBuildFile; fileRef = D286AD86151F9B5D00110CE1 /* main.m */; };
		D2F52C32151FA85F004241E6 /* Default@2x.png in Resources */ = {isa = PBXBuildFile; fileRef = D2F52C30151FA85F004241E6 /* Default@2x.png */; };
/* End PBXBuildFile section */

/* Begin PBXFileReference section */
		5A68B9F5165CCDE600F41614 /* UserScore.h */ = {isa = PBXFileReference; fileEncoding = 4; lastKnownFileType = sourcecode.c.h; path = UserScore.h; sourceTree = "<group>"; };
		5A68B9F6165CCDE600F41614 /* UserScore.m */ = {isa = PBXFileReference; fileEncoding = 4; lastKnownFileType = sourcecode.c.objc; path = UserScore.m; sourceTree = "<group>"; };
		5A6D891A166755EB0047DB08 /* JDFlipNumberView.h */ = {isa = PBXFileReference; fileEncoding = 4; lastKnownFileType = sourcecode.c.h; path = JDFlipNumberView.h; sourceTree = "<group>"; };
		5A6D891B166755EB0047DB08 /* JDFlipNumberView.m */ = {isa = PBXFileReference; fileEncoding = 4; lastKnownFileType = sourcecode.c.objc; path = JDFlipNumberView.m; sourceTree = "<group>"; };
		5A6D891C166755EB0047DB08 /* JDGroupedFlipNumberView.h */ = {isa = PBXFileReference; fileEncoding = 4; lastKnownFileType = sourcecode.c.h; path = JDGroupedFlipNumberView.h; sourceTree = "<group>"; };
		5A6D891D166755EB0047DB08 /* JDGroupedFlipNumberView.m */ = {isa = PBXFileReference; fileEncoding = 4; lastKnownFileType = sourcecode.c.objc; path = JDGroupedFlipNumberView.m; sourceTree = "<group>"; };
		5A8A41A81664B4FE00FC0AE0 /* 0.png */ = {isa = PBXFileReference; lastKnownFileType = image.png; path = 0.png; sourceTree = "<group>"; };
		5A8A41A91664B4FE00FC0AE0 /* 0@2x.png */ = {isa = PBXFileReference; lastKnownFileType = image.png; path = "0@2x.png"; sourceTree = "<group>"; };
		5A8A41AA1664B4FE00FC0AE0 /* 1.png */ = {isa = PBXFileReference; lastKnownFileType = image.png; path = 1.png; sourceTree = "<group>"; };
		5A8A41AB1664B4FE00FC0AE0 /* 1@2x.png */ = {isa = PBXFileReference; lastKnownFileType = image.png; path = "1@2x.png"; sourceTree = "<group>"; };
		5A8A41AC1664B4FE00FC0AE0 /* 2.png */ = {isa = PBXFileReference; lastKnownFileType = image.png; path = 2.png; sourceTree = "<group>"; };
		5A8A41AD1664B4FE00FC0AE0 /* 2@2x.png */ = {isa = PBXFileReference; lastKnownFileType = image.png; path = "2@2x.png"; sourceTree = "<group>"; };
		5A8A41AE1664B4FE00FC0AE0 /* 3.png */ = {isa = PBXFileReference; lastKnownFileType = image.png; path = 3.png; sourceTree = "<group>"; };
		5A8A41AF1664B4FE00FC0AE0 /* 3@2x.png */ = {isa = PBXFileReference; lastKnownFileType = image.png; path = "3@2x.png"; sourceTree = "<group>"; };
		5A8A41B01664B4FE00FC0AE0 /* 4.png */ = {isa = PBXFileReference; lastKnownFileType = image.png; path = 4.png; sourceTree = "<group>"; };
		5A8A41B11664B4FE00FC0AE0 /* 4@2x.png */ = {isa = PBXFileReference; lastKnownFileType = image.png; path = "4@2x.png"; sourceTree = "<group>"; };
		5A8A41B21664B4FE00FC0AE0 /* 5.png */ = {isa = PBXFileReference; lastKnownFileType = image.png; path = 5.png; sourceTree = "<group>"; };
		5A8A41B31664B4FE00FC0AE0 /* 5@2x.png */ = {isa = PBXFileReference; lastKnownFileType = image.png; path = "5@2x.png"; sourceTree = "<group>"; };
		5A8A41B41664B4FE00FC0AE0 /* 6.png */ = {isa = PBXFileReference; lastKnownFileType = image.png; path = 6.png; sourceTree = "<group>"; };
		5A8A41B51664B4FE00FC0AE0 /* 6@2x.png */ = {isa = PBXFileReference; lastKnownFileType = image.png; path = "6@2x.png"; sourceTree = "<group>"; };
		5A8A41B61664B4FE00FC0AE0 /* 7.png */ = {isa = PBXFileReference; lastKnownFileType = image.png; path = 7.png; sourceTree = "<group>"; };
		5A8A41B71664B4FE00FC0AE0 /* 7@2x.png */ = {isa = PBXFileReference; lastKnownFileType = image.png; path = "7@2x.png"; sourceTree = "<group>"; };
		5A8A41B81664B4FE00FC0AE0 /* 8.png */ = {isa = PBXFileReference; lastKnownFileType = image.png; path = 8.png; sourceTree = "<group>"; };
		5A8A41B91664B4FE00FC0AE0 /* 8@2x.png */ = {isa = PBXFileReference; lastKnownFileType = image.png; path = "8@2x.png"; sourceTree = "<group>"; };
		5A8A41BA1664B4FE00FC0AE0 /* 9.png */ = {isa = PBXFileReference; lastKnownFileType = image.png; path = 9.png; sourceTree = "<group>"; };
		5A8A41BB1664B4FE00FC0AE0 /* 9@2x.png */ = {isa = PBXFileReference; lastKnownFileType = image.png; path = "9@2x.png"; sourceTree = "<group>"; };
		5AC0F7FF166C7A47000A46B7 /* icon.png */ = {isa = PBXFileReference; lastKnownFileType = image.png; path = icon.png; sourceTree = "<group>"; };
		5AC0F800166C7A47000A46B7 /* icon@2x.png */ = {isa = PBXFileReference; lastKnownFileType = image.png; path = "icon@2x.png"; sourceTree = "<group>"; };
		5AC0F803166C7A8C000A46B7 /* Default.png */ = {isa = PBXFileReference; lastKnownFileType = image.png; path = Default.png; sourceTree = "<group>"; };
		5AC0F805166C7D61000A46B7 /* 000@2x.jpg */ = {isa = PBXFileReference; lastKnownFileType = image.jpeg; path = "000@2x.jpg"; sourceTree = "<group>"; };
		5AC0F806166C7D61000A46B7 /* 001@2x.jpg */ = {isa = PBXFileReference; lastKnownFileType = image.jpeg; path = "001@2x.jpg"; sourceTree = "<group>"; };
		5AC0F807166C7D61000A46B7 /* 003@2x.jpg */ = {isa = PBXFileReference; lastKnownFileType = image.jpeg; path = "003@2x.jpg"; sourceTree = "<group>"; };
		5AC0F808166C7D61000A46B7 /* 004@2x.jpg */ = {isa = PBXFileReference; lastKnownFileType = image.jpeg; path = "004@2x.jpg"; sourceTree = "<group>"; };
		5AC0F809166C7D61000A46B7 /* 005@2x.jpg */ = {isa = PBXFileReference; lastKnownFileType = image.jpeg; path = "005@2x.jpg"; sourceTree = "<group>"; };
		5AC0F80A166C7D61000A46B7 /* 006@2x.jpg */ = {isa = PBXFileReference; lastKnownFileType = image.jpeg; path = "006@2x.jpg"; sourceTree = "<group>"; };
		5AC0F80B166C7D61000A46B7 /* 007@2x.jpg */ = {isa = PBXFileReference; lastKnownFileType = image.jpeg; path = "007@2x.jpg"; sourceTree = "<group>"; };
		5AC0F80C166C7D62000A46B7 /* 008@2x.jpg */ = {isa = PBXFileReference; lastKnownFileType = image.jpeg; path = "008@2x.jpg"; sourceTree = "<group>"; };
		5AC0F80D166C7D62000A46B7 /* main@2x.png */ = {isa = PBXFileReference; lastKnownFileType = image.png; path = "main@2x.png"; sourceTree = "<group>"; };
		5AC0F817166C7DA5000A46B7 /* 002@2x.jpg */ = {isa = PBXFileReference; lastKnownFileType = image.jpeg; path = "002@2x.jpg"; sourceTree = "<group>"; };
		5AE764E2165C9DAD0002972E /* Default-568h@2x.png */ = {isa = PBXFileReference; lastKnownFileType = image.png; path = "Default-568h@2x.png"; sourceTree = "<group>"; };
		5AEFE2E8165B24DF001DF6E1 /* 000.jpg */ = {isa = PBXFileReference; lastKnownFileType = image.jpeg; path = 000.jpg; sourceTree = "<group>"; };
		5AEFE2E9165B24DF001DF6E1 /* 001.jpg */ = {isa = PBXFileReference; lastKnownFileType = image.jpeg; path = 001.jpg; sourceTree = "<group>"; };
		5AEFE2EA165B24DF001DF6E1 /* 002.jpg */ = {isa = PBXFileReference; lastKnownFileType = image.jpeg; path = 002.jpg; sourceTree = "<group>"; };
		5AEFE2EB165B24DF001DF6E1 /* 003.jpg */ = {isa = PBXFileReference; lastKnownFileType = image.jpeg; path = 003.jpg; sourceTree = "<group>"; };
		5AEFE2EC165B24DF001DF6E1 /* 004.jpg */ = {isa = PBXFileReference; lastKnownFileType = image.jpeg; path = 004.jpg; sourceTree = "<group>"; };
		5AEFE2ED165B24DF001DF6E1 /* 005.jpg */ = {isa = PBXFileReference; lastKnownFileType = image.jpeg; path = 005.jpg; sourceTree = "<group>"; };
		5AEFE2EE165B24DF001DF6E1 /* 006.jpg */ = {isa = PBXFileReference; lastKnownFileType = image.jpeg; path = 006.jpg; sourceTree = "<group>"; };
		5AEFE2EF165B24DF001DF6E1 /* 007.jpg */ = {isa = PBXFileReference; lastKnownFileType = image.jpeg; path = 007.jpg; sourceTree = "<group>"; };
		5AEFE2F0165B24DF001DF6E1 /* 008.jpg */ = {isa = PBXFileReference; lastKnownFileType = image.jpeg; path = 008.jpg; sourceTree = "<group>"; };
		5AEFE2FA165B2BDF001DF6E1 /* main.png */ = {isa = PBXFileReference; lastKnownFileType = image.png; path = main.png; sourceTree = "<group>"; };
		D286AD57151F966E00110CE1 /* SlidingFinger.app */ = {isa = PBXFileReference; explicitFileType = wrapper.application; includeInIndex = 0; path = SlidingFinger.app; sourceTree = BUILT_PRODUCTS_DIR; };
		D286AD5B151F966E00110CE1 /* UIKit.framework */ = {isa = PBXFileReference; lastKnownFileType = wrapper.framework; name = UIKit.framework; path = System/Library/Frameworks/UIKit.framework; sourceTree = SDKROOT; };
		D286AD5D151F966E00110CE1 /* Foundation.framework */ = {isa = PBXFileReference; lastKnownFileType = wrapper.framework; name = Foundation.framework; path = System/Library/Frameworks/Foundation.framework; sourceTree = SDKROOT; };
		D286AD5F151F966E00110CE1 /* CoreGraphics.framework */ = {isa = PBXFileReference; lastKnownFileType = wrapper.framework; name = CoreGraphics.framework; path = System/Library/Frameworks/CoreGraphics.framework; sourceTree = SDKROOT; };
		D286AD75151F9A4000110CE1 /* QuartzCore.framework */ = {isa = PBXFileReference; lastKnownFileType = wrapper.framework; name = QuartzCore.framework; path = System/Library/Frameworks/QuartzCore.framework; sourceTree = SDKROOT; };
		D286AD7C151F9B5D00110CE1 /* AppDelegate.h */ = {isa = PBXFileReference; fileEncoding = 4; lastKnownFileType = sourcecode.c.h; path = AppDelegate.h; sourceTree = "<group>"; };
		D286AD7D151F9B5D00110CE1 /* AppDelegate.m */ = {isa = PBXFileReference; fileEncoding = 4; lastKnownFileType = sourcecode.c.objc; path = AppDelegate.m; sourceTree = "<group>"; };
		D286AD7E151F9B5D00110CE1 /* TestViewController.h */ = {isa = PBXFileReference; fileEncoding = 4; lastKnownFileType = sourcecode.c.h; path = TestViewController.h; sourceTree = "<group>"; };
		D286AD7F151F9B5D00110CE1 /* TestViewController.m */ = {isa = PBXFileReference; fileEncoding = 4; lastKnownFileType = sourcecode.c.objc; path = TestViewController.m; sourceTree = "<group>"; };
		D286AD82151F9B5D00110CE1 /* JDDroppableView.h */ = {isa = PBXFileReference; fileEncoding = 4; lastKnownFileType = sourcecode.c.h; path = JDDroppableView.h; sourceTree = "<group>"; };
		D286AD83151F9B5D00110CE1 /* JDDroppableView.m */ = {isa = PBXFileReference; fileEncoding = 4; lastKnownFileType = sourcecode.c.objc; path = JDDroppableView.m; sourceTree = "<group>"; };
		D286AD85151F9B5D00110CE1 /* Info.plist */ = {isa = PBXFileReference; fileEncoding = 4; lastKnownFileType = text.plist.xml; path = Info.plist; sourceTree = "<group>"; };
		D286AD86151F9B5D00110CE1 /* main.m */ = {isa = PBXFileReference; fileEncoding = 4; lastKnownFileType = sourcecode.c.objc; path = main.m; sourceTree = "<group>"; };
		D286AD87151F9B5D00110CE1 /* Prefix.pch */ = {isa = PBXFileReference; fileEncoding = 4; lastKnownFileType = sourcecode.c.h; path = Prefix.pch; sourceTree = "<group>"; };
		D2F52C30151FA85F004241E6 /* Default@2x.png */ = {isa = PBXFileReference; lastKnownFileType = image.png; path = "Default@2x.png"; sourceTree = "<group>"; };
/* End PBXFileReference section */

/* Begin PBXFrameworksBuildPhase section */
		D286AD54151F966E00110CE1 /* Frameworks */ = {
			isa = PBXFrameworksBuildPhase;
			buildActionMask = 2147483647;
			files = (
				D286AD5C151F966E00110CE1 /* UIKit.framework in Frameworks */,
				D286AD5E151F966E00110CE1 /* Foundation.framework in Frameworks */,
				D286AD60151F966E00110CE1 /* CoreGraphics.framework in Frameworks */,
				D286AD76151F9A4000110CE1 /* QuartzCore.framework in Frameworks */,
			);
			runOnlyForDeploymentPostprocessing = 0;
		};
/* End PBXFrameworksBuildPhase section */

/* Begin PBXGroup section */
		5A68B9F4165CCD6400F41614 /* UserScore */ = {
			isa = PBXGroup;
			children = (
				5A68B9F5165CCDE600F41614 /* UserScore.h */,
				5A68B9F6165CCDE600F41614 /* UserScore.m */,
			);
			name = UserScore;
			path = DroppableView/Score;
			sourceTree = "<group>";
		};
		5A8A41D11664B60700FC0AE0 /* FlipNumberView */ = {
			isa = PBXGroup;
			children = (
				5A6D891A166755EB0047DB08 /* JDFlipNumberView.h */,
				5A6D891B166755EB0047DB08 /* JDFlipNumberView.m */,
				5A6D891C166755EB0047DB08 /* JDGroupedFlipNumberView.h */,
				5A6D891D166755EB0047DB08 /* JDGroupedFlipNumberView.m */,
			);
			path = FlipNumberView;
			sourceTree = "<group>";
		};
		5AA5B1CE1664B4780011E449 /* LiuFilpNumberView.bundle */ = {
			isa = PBXGroup;
			children = (
				5A8A41A81664B4FE00FC0AE0 /* 0.png */,
				5A8A41A91664B4FE00FC0AE0 /* 0@2x.png */,
				5A8A41AA1664B4FE00FC0AE0 /* 1.png */,
				5A8A41AB1664B4FE00FC0AE0 /* 1@2x.png */,
				5A8A41AC1664B4FE00FC0AE0 /* 2.png */,
				5A8A41AD1664B4FE00FC0AE0 /* 2@2x.png */,
				5A8A41AE1664B4FE00FC0AE0 /* 3.png */,
				5A8A41AF1664B4FE00FC0AE0 /* 3@2x.png */,
				5A8A41B01664B4FE00FC0AE0 /* 4.png */,
				5A8A41B11664B4FE00FC0AE0 /* 4@2x.png */,
				5A8A41B21664B4FE00FC0AE0 /* 5.png */,
				5A8A41B31664B4FE00FC0AE0 /* 5@2x.png */,
				5A8A41B41664B4FE00FC0AE0 /* 6.png */,
				5A8A41B51664B4FE00FC0AE0 /* 6@2x.png */,
				5A8A41B61664B4FE00FC0AE0 /* 7.png */,
				5A8A41B71664B4FE00FC0AE0 /* 7@2x.png */,
				5A8A41B81664B4FE00FC0AE0 /* 8.png */,
				5A8A41B91664B4FE00FC0AE0 /* 8@2x.png */,
				5A8A41BA1664B4FE00FC0AE0 /* 9.png */,
				5A8A41BB1664B4FE00FC0AE0 /* 9@2x.png */,
			);
			name = LiuFilpNumberView.bundle;
			path = Ressources/LiuFilpNumberView;
			sourceTree = "<group>";
		};
		D272CB09151FA4EF006F8770 /* Ressources */ = {
			isa = PBXGroup;
			children = (
				D272CB0A151FA4EF006F8770 /* images */,
			);
			path = Ressources;
			sourceTree = "<group>";
		};
		D272CB0A151FA4EF006F8770 /* images */ = {
			isa = PBXGroup;
			children = (
				5AC0F817166C7DA5000A46B7 /* 002@2x.jpg */,
				5AC0F805166C7D61000A46B7 /* 000@2x.jpg */,
				5AC0F806166C7D61000A46B7 /* 001@2x.jpg */,
				5AC0F807166C7D61000A46B7 /* 003@2x.jpg */,
				5AC0F808166C7D61000A46B7 /* 004@2x.jpg */,
				5AC0F809166C7D61000A46B7 /* 005@2x.jpg */,
				5AC0F80A166C7D61000A46B7 /* 006@2x.jpg */,
				5AC0F80B166C7D61000A46B7 /* 007@2x.jpg */,
				5AC0F80C166C7D62000A46B7 /* 008@2x.jpg */,
				5AC0F80D166C7D62000A46B7 /* main@2x.png */,
				5AC0F803166C7A8C000A46B7 /* Default.png */,
				5AC0F7FF166C7A47000A46B7 /* icon.png */,
				5AC0F800166C7A47000A46B7 /* icon@2x.png */,
				5AEFE2FA165B2BDF001DF6E1 /* main.png */,
				5AEFE2E8165B24DF001DF6E1 /* 000.jpg */,
				5AEFE2E9165B24DF001DF6E1 /* 001.jpg */,
				5AEFE2EA165B24DF001DF6E1 /* 002.jpg */,
				5AEFE2EB165B24DF001DF6E1 /* 003.jpg */,
				5AEFE2EC165B24DF001DF6E1 /* 004.jpg */,
				5AEFE2ED165B24DF001DF6E1 /* 005.jpg */,
				5AEFE2EE165B24DF001DF6E1 /* 006.jpg */,
				5AEFE2EF165B24DF001DF6E1 /* 007.jpg */,
				5AEFE2F0165B24DF001DF6E1 /* 008.jpg */,
				D2F52C30151FA85F004241E6 /* Default@2x.png */,
			);
			path = images;
			sourceTree = "<group>";
		};
		D286AD4C151F966D00110CE1 = {
			isa = PBXGroup;
			children = (
				5AA5B1CE1664B4780011E449 /* LiuFilpNumberView.bundle */,
				5AE764E2165C9DAD0002972E /* Default-568h@2x.png */,
				D286AD84151F9B5D00110CE1 /* SupportingFiles */,
				D286AD7B151F9B5D00110CE1 /* Classes */,
				D286AD80151F9B5D00110CE1 /* Library */,
				D272CB09151FA4EF006F8770 /* Ressources */,
				D286AD5A151F966E00110CE1 /* Frameworks */,
				D286AD58151F966E00110CE1 /* Products */,
			);
			sourceTree = "<group>";
		};
		D286AD58151F966E00110CE1 /* Products */ = {
			isa = PBXGroup;
			children = (
				D286AD57151F966E00110CE1 /* SlidingFinger.app */,
			);
			name = Products;
			sourceTree = "<group>";
		};
		D286AD5A151F966E00110CE1 /* Frameworks */ = {
			isa = PBXGroup;
			children = (
				D286AD75151F9A4000110CE1 /* QuartzCore.framework */,
				D286AD5B151F966E00110CE1 /* UIKit.framework */,
				D286AD5D151F966E00110CE1 /* Foundation.framework */,
				D286AD5F151F966E00110CE1 /* CoreGraphics.framework */,
			);
			name = Frameworks;
			sourceTree = "<group>";
		};
		D286AD7B151F9B5D00110CE1 /* Classes */ = {
			isa = PBXGroup;
			children = (
				D286AD7C151F9B5D00110CE1 /* AppDelegate.h */,
				D286AD7D151F9B5D00110CE1 /* AppDelegate.m */,
				D286AD7E151F9B5D00110CE1 /* TestViewController.h */,
				D286AD7F151F9B5D00110CE1 /* TestViewController.m */,
			);
			path = Classes;
			sourceTree = "<group>";
		};
		D286AD80151F9B5D00110CE1 /* Library */ = {
			isa = PBXGroup;
			children = (
				5A8A41D11664B60700FC0AE0 /* FlipNumberView */,
				5A68B9F4165CCD6400F41614 /* UserScore */,
				D286AD81151F9B5D00110CE1 /* DroppableView */,
			);
			path = Library;
			sourceTree = "<group>";
		};
		D286AD81151F9B5D00110CE1 /* DroppableView */ = {
			isa = PBXGroup;
			children = (
				D286AD82151F9B5D00110CE1 /* JDDroppableView.h */,
				D286AD83151F9B5D00110CE1 /* JDDroppableView.m */,
			);
			path = DroppableView;
			sourceTree = "<group>";
		};
		D286AD84151F9B5D00110CE1 /* SupportingFiles */ = {
			isa = PBXGroup;
			children = (
				D286AD85151F9B5D00110CE1 /* Info.plist */,
				D286AD86151F9B5D00110CE1 /* main.m */,
				D286AD87151F9B5D00110CE1 /* Prefix.pch */,
			);
			path = SupportingFiles;
			sourceTree = "<group>";
		};
/* End PBXGroup section */

/* Begin PBXNativeTarget section */
		D286AD56151F966E00110CE1 /* SlidingFinger */ = {
			isa = PBXNativeTarget;
			buildConfigurationList = D286AD6F151F966E00110CE1 /* Build configuration list for PBXNativeTarget "SlidingFinger" */;
			buildPhases = (
				D286AD53151F966E00110CE1 /* Sources */,
				D286AD54151F966E00110CE1 /* Frameworks */,
				D286AD55151F966E00110CE1 /* Resources */,
			);
			buildRules = (
			);
			dependencies = (
			);
			name = SlidingFinger;
			productName = DroppableViewTest;
			productReference = D286AD57151F966E00110CE1 /* SlidingFinger.app */;
			productType = "com.apple.product-type.application";
		};
/* End PBXNativeTarget section */

/* Begin PBXProject section */
		D286AD4E151F966D00110CE1 /* Project object */ = {
			isa = PBXProject;
			attributes = {
				LastUpgradeCheck = 0440;
			};
			buildConfigurationList = D286AD51151F966D00110CE1 /* Build configuration list for PBXProject "SlidingFinger" */;
			compatibilityVersion = "Xcode 3.2";
			developmentRegion = English;
			hasScannedForEncodings = 0;
			knownRegions = (
				en,
			);
			mainGroup = D286AD4C151F966D00110CE1;
			productRefGroup = D286AD58151F966E00110CE1 /* Products */;
			projectDirPath = "";
			projectRoot = "";
			targets = (
				D286AD56151F966E00110CE1 /* SlidingFinger */,
			);
		};
/* End PBXProject section */

/* Begin PBXResourcesBuildPhase section */
		D286AD55151F966E00110CE1 /* Resources */ = {
			isa = PBXResourcesBuildPhase;
			buildActionMask = 2147483647;
			files = (
				D2F52C32151FA85F004241E6 /* Default@2x.png in Resources */,
				5AEFE2F1165B24DF001DF6E1 /* 000.jpg in Resources */,
				5AEFE2F2165B24DF001DF6E1 /* 001.jpg in Resources */,
				5AEFE2F3165B24DF001DF6E1 /* 002.jpg in Resources */,
				5AEFE2F4165B24DF001DF6E1 /* 003.jpg in Resources */,
				5AEFE2F5165B24DF001DF6E1 /* 004.jpg in Resources */,
				5AEFE2F6165B24DF001DF6E1 /* 005.jpg in Resources */,
				5AEFE2F7165B24DF001DF6E1 /* 006.jpg in Resources */,
				5AEFE2F8165B24DF001DF6E1 /* 007.jpg in Resources */,
				5AEFE2F9165B24DF001DF6E1 /* 008.jpg in Resources */,
				5AEFE2FB165B2BDF001DF6E1 /* main.png in Resources */,
				5AE764E3165C9DAD0002972E /* Default-568h@2x.png in Resources */,
				5A8A41BC1664B4FE00FC0AE0 /* 0.png in Resources */,
				5A8A41BD1664B4FE00FC0AE0 /* 0@2x.png in Resources */,
				5A8A41BE1664B4FE00FC0AE0 /* 1.png in Resources */,
				5A8A41BF1664B4FE00FC0AE0 /* 1@2x.png in Resources */,
				5A8A41C01664B4FE00FC0AE0 /* 2.png in Resources */,
				5A8A41C11664B4FE00FC0AE0 /* 2@2x.png in Resources */,
				5A8A41C21664B4FE00FC0AE0 /* 3.png in Resources */,
				5A8A41C31664B4FE00FC0AE0 /* 3@2x.png in Resources */,
				5A8A41C41664B4FE00FC0AE0 /* 4.png in Resources */,
				5A8A41C51664B4FE00FC0AE0 /* 4@2x.png in Resources */,
				5A8A41C61664B4FE00FC0AE0 /* 5.png in Resources */,
				5A8A41C71664B4FE00FC0AE0 /* 5@2x.png in Resources */,
				5A8A41C81664B4FE00FC0AE0 /* 6.png in Resources */,
				5A8A41C91664B4FE00FC0AE0 /* 6@2x.png in Resources */,
				5A8A41CA1664B4FE00FC0AE0 /* 7.png in Resources */,
				5A8A41CB1664B4FE00FC0AE0 /* 7@2x.png in Resources */,
				5A8A41CC1664B4FE00FC0AE0 /* 8.png in Resources */,
				5A8A41CD1664B4FE00FC0AE0 /* 8@2x.png in Resources */,
				5A8A41CE1664B4FE00FC0AE0 /* 9.png in Resources */,
				5A8A41CF1664B4FE00FC0AE0 /* 9@2x.png in Resources */,
				5AC0F801166C7A47000A46B7 /* icon.png in Resources */,
				5AC0F802166C7A47000A46B7 /* icon@2x.png in Resources */,
				5AC0F804166C7A8C000A46B7 /* Default.png in Resources */,
				5AC0F80E166C7D62000A46B7 /* 000@2x.jpg in Resources */,
				5AC0F80F166C7D62000A46B7 /* 001@2x.jpg in Resources */,
				5AC0F810166C7D62000A46B7 /* 003@2x.jpg in Resources */,
				5AC0F811166C7D62000A46B7 /* 004@2x.jpg in Resources */,
				5AC0F812166C7D62000A46B7 /* 005@2x.jpg in Resources */,
				5AC0F813166C7D62000A46B7 /* 006@2x.jpg in Resources */,
				5AC0F814166C7D62000A46B7 /* 007@2x.jpg in Resources */,
				5AC0F815166C7D62000A46B7 /* 008@2x.jpg in Resources */,
				5AC0F816166C7D62000A46B7 /* main@2x.png in Resources */,
				5AC0F818166C7DA5000A46B7 /* 002@2x.jpg in Resources */,
			);
			runOnlyForDeploymentPostprocessing = 0;
		};
/* End PBXResourcesBuildPhase section */

/* Begin PBXSourcesBuildPhase section */
		D286AD53151F966E00110CE1 /* Sources */ = {
			isa = PBXSourcesBuildPhase;
			buildActionMask = 2147483647;
			files = (
				D286AD88151F9B5D00110CE1 /* AppDelegate.m in Sources */,
				D286AD89151F9B5D00110CE1 /* TestViewController.m in Sources */,
				D286AD8A151F9B5D00110CE1 /* JDDroppableView.m in Sources */,
				D286AD8C151F9B5D00110CE1 /* main.m in Sources */,
				5A68B9F7165CCDE600F41614 /* UserScore.m in Sources */,
				5A6D891E166755EB0047DB08 /* JDFlipNumberView.m in Sources */,
				5A6D891F166755EB0047DB08 /* JDGroupedFlipNumberView.m in Sources */,
			);
			runOnlyForDeploymentPostprocessing = 0;
		};
/* End PBXSourcesBuildPhase section */

/* Begin XCBuildConfiguration section */
		D286AD6D151F966E00110CE1 /* Default */ = {
			isa = XCBuildConfiguration;
			buildSettings = {
				ALWAYS_SEARCH_USER_PATHS = NO;
				ARCHS = (
					armv6,
					armv7,
				);
				COPY_PHASE_STRIP = NO;
				GCC_C_LANGUAGE_STANDARD = gnu99;
				GCC_DYNAMIC_NO_PIC = NO;
				GCC_OPTIMIZATION_LEVEL = 0;
				GCC_PREPROCESSOR_DEFINITIONS = (
					"DEBUG=1",
					"$(inherited)",
				);
				GCC_SYMBOLS_PRIVATE_EXTERN = NO;
				GCC_THUMB_SUPPORT = NO;
				GCC_VERSION = com.apple.compilers.llvm.clang.1_0;
				GCC_WARN_ABOUT_RETURN_TYPE = YES;
				GCC_WARN_UNINITIALIZED_AUTOS = YES;
				GCC_WARN_UNUSED_VARIABLE = YES;
				IPHONEOS_DEPLOYMENT_TARGET = 3.0;
				SDKROOT = iphoneos;
				TARGETED_DEVICE_FAMILY = "1,2";
			};
			name = Default;
		};
		D286AD70151F966E00110CE1 /* Default */ = {
			isa = XCBuildConfiguration;
			buildSettings = {
				GCC_PRECOMPILE_PREFIX_HEADER = YES;
				GCC_PREFIX_HEADER = SupportingFiles/Prefix.pch;
				GCC_THUMB_SUPPORT = NO;
				GCC_VERSION = "";
				INFOPLIST_FILE = SupportingFiles/Info.plist;
				IPHONEOS_DEPLOYMENT_TARGET = 7.0;
				ONLY_ACTIVE_ARCH = YES;
				PRODUCT_NAME = SlidingFinger;
				WRAPPER_EXTENSION = app;
			};
			name = Default;
		};
/* End XCBuildConfiguration section */

/* Begin XCConfigurationList section */
		D286AD51151F966D00110CE1 /* Build configuration list for PBXProject "SlidingFinger" */ = {
			isa = XCConfigurationList;
			buildConfigurations = (
				D286AD6D151F966E00110CE1 /* Default */,
			);
			defaultConfigurationIsVisible = 0;
			defaultConfigurationName = Default;
		};
		D286AD6F151F966E00110CE1 /* Build configuration list for PBXNativeTarget "SlidingFinger" */ = {
			isa = XCConfigurationList;
			buildConfigurations = (
				D286AD70151F966E00110CE1 /* Default */,
			);
			defaultConfigurationIsVisible = 0;
			defaultConfigurationName = Default;
		};
/* End XCConfigurationList section */
	};
	rootObject = D286AD4E151F966D00110CE1 /* Project object */;
}
